<?xml version="1.0" encoding="utf-8"?>
<Project ToolsVersion="4.0" xmlns="http://schemas.microsoft.com/developer/msbuild/2003">
  <ItemGroup>
    <Filter Include="Source Files">
      <UniqueIdentifier>{4FC737F1-C7A5-4376-A066-2A32D752A2FF}</UniqueIdentifier>
      <Extensions>cpp;c;cc;cxx;c++;cppm;ixx;def;odl;idl;hpj;bat;asm;asmx</Extensions>
    </Filter>
    <Filter Include="Header Files">
      <UniqueIdentifier>{93995380-89BD-4b04-88EB-625FBE52EBFB}</UniqueIdentifier>
      <Extensions>h;hh;hpp;hxx;h++;hm;inl;inc;ipp;xsd</Extensions>
    </Filter>
    <Filter Include="Resource Files">
      <UniqueIdentifier>{67DA6AB6-F800-4c08-8B7A-83BB121AAD01}</UniqueIdentifier>
      <Extensions>rc;ico;cur;bmp;dlg;rc2;rct;bin;rgs;gif;jpg;jpeg;jpe;resx;tiff;tif;png;wav;mfcribbon-ms</Extensions>
    </Filter>
    <Filter Include="Source Files\Widget">
      <UniqueIdentifier>{bc710a61-ba48-42b3-b761-78ccd9d55c82}</UniqueIdentifier>
    </Filter>
    <Filter Include="Source Files\Map">
      <UniqueIdentifier>{e57b8d03-5e04-44d6-80bc-e3cda0e7affc}</UniqueIdentifier>
    </Filter>
    <Filter Include="Source Files\Entity">
      <UniqueIdentifier>{8d9f176d-7151-4f88-9320-7c2b7f6fdc91}</UniqueIdentifier>
    </Filter>
    <Filter Include="Source Files\Atlas">
      <UniqueIdentifier>{e1f5c95f-acdf-4cfa-b738-b625d6493cac}</UniqueIdentifier>
    </Filter>
    <Filter Include="Header Files\Map">
      <UniqueIdentifier>{d2d93c63-fd55-4e0e-9151-55eabf6be3a8}</UniqueIdentifier>
    </Filter>
    <Filter Include="Source Files\Map\Area">
      <UniqueIdentifier>{b98efa39-ceb6-415a-9736-b5efe122fc2a}</UniqueIdentifier>
    </Filter>
    <Filter Include="Header Files\Widget">
      <UniqueIdentifier>{a05ef27d-148b-4337-bb1f-01232a1fc22e}</UniqueIdentifier>
    </Filter>
    <Filter Include="Header Files\Network">
      <UniqueIdentifier>{6cfcf212-f66b-4aa1-a78c-e89ee5a4f2a9}</UniqueIdentifier>
    </Filter>
    <Filter Include="Header Files\Atlas">
      <UniqueIdentifier>{00747a61-48bb-4c71-92fe-934995de7d8c}</UniqueIdentifier>
    </Filter>
    <Filter Include="Header Files\Entity">
      <UniqueIdentifier>{981ef80b-5fb2-425f-8248-3d2dfc24e938}</UniqueIdentifier>
    </Filter>
  </ItemGroup>
  <ItemGroup>
    <ClInclude Include="includes\erelia.h">
      <Filter>Header Files</Filter>
    </ClInclude>
  </ItemGroup>
  <ItemGroup>
    <ClCompile Include="srcs\main.cpp">
      <Filter>Source Files</Filter>
    </ClCompile>
  </ItemGroup>
</Project>