<?xml version="1.0" encoding="utf-8"?>
<Project ToolsVersion="4.0" xmlns="http://schemas.microsoft.com/developer/msbuild/2003">
  <ItemGroup>
    <Filter Include="Source Files">
      <UniqueIdentifier>{4FC737F1-C7A5-4376-A066-2A32D752A2FF}</UniqueIdentifier>
      <Extensions>cpp;c;cc;cxx;c++;cppm;ixx;def;odl;idl;hpj;bat;asm;asmx</Extensions>
    </Filter>
    <Filter Include="Header Files">
      <UniqueIdentifier>{93995380-89BD-4b04-88EB-625FBE52EBFB}</UniqueIdentifier>
      <Extensions>h;hh;hpp;hxx;h++;hm;inl;inc;ipp;xsd</Extensions>
    </Filter>
    <Filter Include="Resource Files">
      <UniqueIdentifier>{67DA6AB6-F800-4c08-8B7A-83BB121AAD01}</UniqueIdentifier>
      <Extensions>rc;ico;cur;bmp;dlg;rc2;rct;bin;rgs;gif;jpg;jpeg;jpe;resx;tiff;tif;png;wav;mfcribbon-ms</Extensions>
    </Filter>
    <Filter Include="Header Files\Structure">
      <UniqueIdentifier>{948b6ae5-01f0-49ba-82b7-a9094da9a2d2}</UniqueIdentifier>
    </Filter>
    <Filter Include="Header Files\Widget">
      <UniqueIdentifier>{09099acd-5dbd-41cf-ba39-ca944d25b29b}</UniqueIdentifier>
    </Filter>
    <Filter Include="Source Files\Structure">
      <UniqueIdentifier>{d5b209c6-267b-4bef-a495-a66fad8b3c65}</UniqueIdentifier>
    </Filter>
    <Filter Include="Source Files\Widget">
      <UniqueIdentifier>{aebb74d6-d953-4add-92c6-28efb8ec4781}</UniqueIdentifier>
    </Filter>
    <Filter Include="Header Files\Structure\Atlas">
      <UniqueIdentifier>{8920af95-123f-48aa-8092-6355323767d3}</UniqueIdentifier>
    </Filter>
    <Filter Include="Header Files\Structure\File">
      <UniqueIdentifier>{9b95c88f-2512-4377-97c3-81c10abb7ba6}</UniqueIdentifier>
    </Filter>
    <Filter Include="Header Files\Widget\Main_application">
      <UniqueIdentifier>{4b1196ec-02c3-459b-a2c9-fa79ff1a7980}</UniqueIdentifier>
    </Filter>
    <Filter Include="Source Files\Widget\Main_application">
      <UniqueIdentifier>{101b9088-44e2-4e3d-94ed-20169e62f264}</UniqueIdentifier>
    </Filter>
    <Filter Include="Source Files\Structure\Atlas">
      <UniqueIdentifier>{e25b03b0-c022-40ed-8ef2-94d77aea63e2}</UniqueIdentifier>
    </Filter>
    <Filter Include="Source Files\Structure\File">
      <UniqueIdentifier>{cd95c0a1-4ccc-4972-b8c4-9782dd37224e}</UniqueIdentifier>
    </Filter>
    <Filter Include="Source Files\Network">
      <UniqueIdentifier>{e3fdfc1e-3f0b-4905-ac8c-5efdc195cfa6}</UniqueIdentifier>
    </Filter>
    <Filter Include="Header Files\Enum">
      <UniqueIdentifier>{61eecbba-8be1-476d-9229-57ea3d73ffd2}</UniqueIdentifier>
    </Filter>
    <Filter Include="Resource Files\World">
      <UniqueIdentifier>{049bfd6a-27dd-4583-9371-6e8372d75433}</UniqueIdentifier>
    </Filter>
    <Filter Include="Resource Files\World\Area">
      <UniqueIdentifier>{d6751780-6807-4b79-8d9c-96e9f7113f95}</UniqueIdentifier>
    </Filter>
    <Filter Include="Resource Files\World\Chunk">
      <UniqueIdentifier>{1ce05775-a17c-435d-9e78-336c66c5fcd3}</UniqueIdentifier>
    </Filter>
    <Filter Include="Resource Files\World\Player">
      <UniqueIdentifier>{8c5d6e49-c16b-4430-af1b-976481ae0983}</UniqueIdentifier>
    </Filter>
    <Filter Include="Resource Files\Monster">
      <UniqueIdentifier>{2912c4a6-f5ce-4f2a-a8c9-ea09f7d52b60}</UniqueIdentifier>
    </Filter>
    <Filter Include="Header Files\Widget\Abstract widget">
      <UniqueIdentifier>{4ba1a754-cc84-4aa1-baf8-4e77179fd1a3}</UniqueIdentifier>
    </Filter>
    <Filter Include="Source Files\Widget\Abstract widget">
      <UniqueIdentifier>{9dfbe621-51ee-4d4c-ab6f-b525d25b039b}</UniqueIdentifier>
    </Filter>
    <Filter Include="Header Files\Network">
      <UniqueIdentifier>{d735d408-c1b6-45c0-b5e8-75059fc199bf}</UniqueIdentifier>
    </Filter>
    <Filter Include="Source Files\Subscriber">
      <UniqueIdentifier>{dcba1e6f-8c96-4b78-b472-1cf8b798573e}</UniqueIdentifier>
    </Filter>
    <Filter Include="Source Files\Widget\Screen">
      <UniqueIdentifier>{cd1c3d3b-2e47-4d19-b2a1-bdc8eca706c6}</UniqueIdentifier>
    </Filter>
    <Filter Include="Header Files\Widget\Screen">
      <UniqueIdentifier>{e0fb180d-530f-4814-b185-c34914a15c1f}</UniqueIdentifier>
    </Filter>
    <Filter Include="Header Files\Structure\Data">
      <UniqueIdentifier>{bc48eb79-8706-4618-be4f-cb1e1018ca27}</UniqueIdentifier>
    </Filter>
    <Filter Include="Header Files\Structure\Data\Account">
      <UniqueIdentifier>{b88b0f43-1ec1-42cf-96fc-055539e6bdfa}</UniqueIdentifier>
    </Filter>
    <Filter Include="Header Files\Structure\Data\Engine">
      <UniqueIdentifier>{023e88f5-b615-42fc-b4f2-3b009dd74b70}</UniqueIdentifier>
    </Filter>
    <Filter Include="Header Files\Structure\Data\Entity">
      <UniqueIdentifier>{4a06bfca-2b54-454b-9c35-d1b33b4fda85}</UniqueIdentifier>
    </Filter>
    <Filter Include="Header Files\Structure\Data\Map">
      <UniqueIdentifier>{ebdf08e4-72c6-485f-a713-45a909202bcc}</UniqueIdentifier>
    </Filter>
    <Filter Include="Source Files\Structure\Data">
      <UniqueIdentifier>{5ebf8546-bd04-4450-9ba9-218020801b2e}</UniqueIdentifier>
    </Filter>
    <Filter Include="Source Files\Structure\Data\Account">
      <UniqueIdentifier>{81c6ae7c-1716-4284-aac8-3ea3e283ecde}</UniqueIdentifier>
    </Filter>
    <Filter Include="Source Files\Structure\Data\Engine">
      <UniqueIdentifier>{e4628600-ece1-4aca-9324-aadc4d4fcf82}</UniqueIdentifier>
    </Filter>
    <Filter Include="Source Files\Structure\Data\Entity">
      <UniqueIdentifier>{8561346f-7279-434b-905d-913f64576ccb}</UniqueIdentifier>
    </Filter>
    <Filter Include="Source Files\Structure\Data\Map">
      <UniqueIdentifier>{e62a6e7f-62be-4457-810b-3cb924425a14}</UniqueIdentifier>
    </Filter>
    <Filter Include="Header Files\Structure\Data\Monster">
      <UniqueIdentifier>{32ab1952-7914-41a8-8d6d-88f67dd18893}</UniqueIdentifier>
    </Filter>
    <Filter Include="Source Files\Structure\Data\Monster">
      <UniqueIdentifier>{f726534e-3fba-46dd-bdd0-d3e3be538c6e}</UniqueIdentifier>
    </Filter>
    <Filter Include="Source Files\Widget\Screen\Launcher">
      <UniqueIdentifier>{880abb47-0d08-4df1-8086-03bd4a214499}</UniqueIdentifier>
    </Filter>
    <Filter Include="Source Files\Widget\Screen\Loading">
      <UniqueIdentifier>{f5e7e44e-d399-4ab2-bed5-345dfe00393d}</UniqueIdentifier>
    </Filter>
    <Filter Include="Source Files\Widget\Screen\Game_world">
      <UniqueIdentifier>{0e502638-1501-41a9-bb98-e929f47beae3}</UniqueIdentifier>
    </Filter>
    <Filter Include="Source Files\Widget\Screen\Game_battle">
      <UniqueIdentifier>{04b38aaa-a5f3-429e-b220-41b3b527d83c}</UniqueIdentifier>
    </Filter>
    <Filter Include="Header Files\Widget\Screen\Game_battle">
      <UniqueIdentifier>{53411402-4c34-4295-9191-ef66ad005b99}</UniqueIdentifier>
    </Filter>
    <Filter Include="Header Files\Widget\Screen\Game_world">
      <UniqueIdentifier>{25b5d543-2d4e-4542-a427-1af5c11a2512}</UniqueIdentifier>
    </Filter>
    <Filter Include="Header Files\Widget\Screen\Loading">
      <UniqueIdentifier>{46eafb0a-18e4-4725-89af-cdbac01fb8fe}</UniqueIdentifier>
    </Filter>
    <Filter Include="Header Files\Widget\Screen\Launcher">
      <UniqueIdentifier>{9a2e81d1-339d-46d7-98a8-741ced6abf07}</UniqueIdentifier>
    </Filter>
    <Filter Include="Header Files\Widget\Screen\Game_battle\Widget">
      <UniqueIdentifier>{f1f5bdca-06e9-4af4-a684-97ba398fa376}</UniqueIdentifier>
    </Filter>
    <Filter Include="Header Files\Widget\Screen\Game_world\Widget">
      <UniqueIdentifier>{b42c27ef-1efb-47a7-839c-1619bc749a26}</UniqueIdentifier>
    </Filter>
    <Filter Include="Header Files\Widget\Screen\Loading\Widget">
      <UniqueIdentifier>{c183c2cb-8e65-4aa0-954b-ea66f6fcdf89}</UniqueIdentifier>
    </Filter>
    <Filter Include="Header Files\Widget\Screen\Launcher\Widget">
      <UniqueIdentifier>{e81b6442-d7fa-4797-aa14-58abfb5b433c}</UniqueIdentifier>
    </Filter>
    <Filter Include="Source Files\Widget\Screen\Loading\Widget">
      <UniqueIdentifier>{1dcc2e22-362a-4972-94d6-d446439bce44}</UniqueIdentifier>
    </Filter>
    <Filter Include="Source Files\Widget\Screen\Launcher\Widget">
      <UniqueIdentifier>{c7af7605-d1fd-4886-b240-4d8261b32026}</UniqueIdentifier>
    </Filter>
    <Filter Include="Source Files\Widget\Screen\Game_world\Widget">
      <UniqueIdentifier>{0ff09422-2904-4c2e-89f9-5a44d40d4374}</UniqueIdentifier>
    </Filter>
    <Filter Include="Source Files\Widget\Screen\Game_battle\Widget">
      <UniqueIdentifier>{1e9264fe-0c6a-4e71-a2f8-73ee7eb57f23}</UniqueIdentifier>
    </Filter>
    <Filter Include="Source Files\Widget\Commun">
      <UniqueIdentifier>{4b46e86b-9f65-4fed-b51f-3a589f6c8030}</UniqueIdentifier>
    </Filter>
    <Filter Include="Header Files\Widget\Commun">
      <UniqueIdentifier>{3efc0734-c034-43f9-87ca-d773501a4655}</UniqueIdentifier>
    </Filter>
    <Filter Include="Source Files\Widget\Screen\Game_world\Widget\Editor">
      <UniqueIdentifier>{7515beb9-8fa5-4594-8f61-449829dc77ad}</UniqueIdentifier>
    </Filter>
    <Filter Include="Source Files\Widget\Screen\Game_world\Widget\Map">
      <UniqueIdentifier>{9f78ea66-8268-4276-ba47-508c1a661c10}</UniqueIdentifier>
    </Filter>
    <Filter Include="Source Files\Widget\Screen\Game_world\Widget\Entity">
      <UniqueIdentifier>{92677129-c637-438f-9ebc-9165525c19d9}</UniqueIdentifier>
    </Filter>
    <Filter Include="Source Files\Widget\Screen\Game_world\Widget\Player">
      <UniqueIdentifier>{0f693915-f0db-4769-98e2-c00de485a37e}</UniqueIdentifier>
    </Filter>
    <Filter Include="Source Files\Widget\Screen\Game_world\Widget\Player\Activity">
      <UniqueIdentifier>{a6661056-c2f1-4568-af30-29b51f2d463e}</UniqueIdentifier>
    </Filter>
  </ItemGroup>
  <ItemGroup>
    <None Include="ressource\language\french.lang">
      <Filter>Resource Files</Filter>
    </None>
    <None Include="ressource\language\english.lang">
      <Filter>Resource Files</Filter>
    </None>
    <None Include="ressource\configuration\config.uiconf">
      <Filter>Resource Files</Filter>
    </None>
    <None Include="ressource\world\area\area0.area">
      <Filter>Resource Files\World\Area</Filter>
    </None>
    <None Include="ressource\world\area\area1.area">
      <Filter>Resource Files\World\Area</Filter>
    </None>
    <None Include="ressource\world\area\area2.area">
      <Filter>Resource Files\World\Area</Filter>
    </None>
    <None Include="ressource\world\player\Hyarius2.acc">
      <Filter>Resource Files\World\Player</Filter>
    </None>
    <None Include="ressource\monster\001-monsterA.crea">
      <Filter>Resource Files\Monster</Filter>
    </None>
    <None Include="ressource\monster\002-monsterB.crea">
      <Filter>Resource Files\Monster</Filter>
    </None>
    <None Include="ressource\monster\003-monsterC.crea">
      <Filter>Resource Files\Monster</Filter>
    </None>
    <None Include="ressource\world\player\Hywa.acc">
      <Filter>Resource Files\World\Player</Filter>
    </None>
  </ItemGroup>
  <ItemGroup>
    <ClInclude Include="includes\erelia.h">
      <Filter>Header Files</Filter>
    </ClInclude>
    <ClInclude Include="includes\Structure\Atlas\erelia_path_atlas.h">
      <Filter>Header Files\Structure\Atlas</Filter>
    </ClInclude>
    <ClInclude Include="includes\Structure\Atlas\erelia_texture_atlas.h">
      <Filter>Header Files\Structure\Atlas</Filter>
    </ClInclude>
    <ClInclude Include="includes\Structure\Atlas\erelia_translation_atlas.h">
      <Filter>Header Files\Structure\Atlas</Filter>
    </ClInclude>
    <ClInclude Include="includes\Structure\File\erelia_UI_configuration_file.h">
      <Filter>Header Files\Structure\File</Filter>
    </ClInclude>
    <ClInclude Include="includes\Widget\Main_application\erelia_main_application.h">
      <Filter>Header Files\Widget\Main_application</Filter>
    </ClInclude>
    <ClInclude Include="includes\Network\erelia_client_manager.h">
      <Filter>Header Files\Network</Filter>
    </ClInclude>
    <ClInclude Include="includes\Network\erelia_network_definition.h">
      <Filter>Header Files\Network</Filter>
    </ClInclude>
    <ClInclude Include="includes\Network\erelia_server_manager.h">
      <Filter>Header Files\Network</Filter>
    </ClInclude>
    <ClInclude Include="includes\Enum\erelia_enum.h">
      <Filter>Header Files\Enum</Filter>
    </ClInclude>
    <ClInclude Include="includes\Widget\Abstract_widget\erelia_abstract_manager.h">
      <Filter>Header Files\Widget\Abstract widget</Filter>
    </ClInclude>
    <ClInclude Include="includes\Widget\Abstract_widget\erelia_abstract_screen.h">
      <Filter>Header Files\Widget\Abstract widget</Filter>
    </ClInclude>
    <ClInclude Include="includes\Structure\Atlas\erelia_account_atlas.h">
      <Filter>Header Files\Structure\Atlas</Filter>
    </ClInclude>
    <ClInclude Include="includes\Structure\Data\Account\erelia_account.h">
      <Filter>Header Files\Structure\Data\Account</Filter>
    </ClInclude>
    <ClInclude Include="includes\Structure\Data\Engine\erelia_engine.h">
      <Filter>Header Files\Structure\Data\Engine</Filter>
    </ClInclude>
    <ClInclude Include="includes\Structure\Data\Engine\erelia_item.h">
      <Filter>Header Files\Structure\Data\Engine</Filter>
    </ClInclude>
    <ClInclude Include="includes\Structure\Data\Entity\erelia_entity.h">
      <Filter>Header Files\Structure\Data\Entity</Filter>
    </ClInclude>
    <ClInclude Include="includes\Structure\Data\Entity\erelia_player.h">
      <Filter>Header Files\Structure\Data\Entity</Filter>
    </ClInclude>
    <ClInclude Include="includes\Structure\Data\Map\erelia_chunk.h">
      <Filter>Header Files\Structure\Data\Map</Filter>
    </ClInclude>
    <ClInclude Include="includes\Structure\Data\Map\erelia_encounter_area.h">
      <Filter>Header Files\Structure\Data\Map</Filter>
    </ClInclude>
    <ClInclude Include="includes\Structure\Data\Map\erelia_map.h">
      <Filter>Header Files\Structure\Data\Map</Filter>
    </ClInclude>
    <ClInclude Include="includes\Structure\Data\Map\erelia_node.h">
      <Filter>Header Files\Structure\Data\Map</Filter>
    </ClInclude>
    <ClInclude Include="includes\Structure\File\erelia_player_save_file.h">
      <Filter>Header Files\Structure\File</Filter>
    </ClInclude>
    <ClInclude Include="includes\Structure\Data\Monster\erelia_monster.h">
      <Filter>Header Files\Structure\Data\Monster</Filter>
    </ClInclude>
    <ClInclude Include="includes\Structure\Atlas\erelia_monster_atlas.h">
      <Filter>Header Files\Structure\Atlas</Filter>
    </ClInclude>
    <ClInclude Include="includes\Widget\Screen\Game_battle\erelia_game_battle_screen.h">
      <Filter>Header Files\Widget\Screen\Game_battle</Filter>
    </ClInclude>
    <ClInclude Include="includes\Widget\Screen\Game_world\erelia_game_world_screen.h">
      <Filter>Header Files\Widget\Screen\Game_world</Filter>
    </ClInclude>
    <ClInclude Include="includes\Widget\Screen\Launcher\erelia_launcher_screen.h">
      <Filter>Header Files\Widget\Screen\Launcher</Filter>
    </ClInclude>
    <ClInclude Include="includes\Widget\Screen\Loading\erelia_loading_screen.h">
      <Filter>Header Files\Widget\Screen\Loading</Filter>
    </ClInclude>
    <ClInclude Include="includes\Widget\Screen\Launcher\Widget\erelia_launcher_connection_manager.h">
      <Filter>Header Files\Widget\Screen\Launcher\Widget</Filter>
    </ClInclude>
    <ClInclude Include="includes\Widget\Screen\Launcher\Widget\erelia_launcher_menu.h">
      <Filter>Header Files\Widget\Screen\Launcher\Widget</Filter>
    </ClInclude>
    <ClInclude Include="includes\Widget\Screen\Launcher\Widget\erelia_launcher_message_output.h">
      <Filter>Header Files\Widget\Screen\Launcher\Widget</Filter>
    </ClInclude>
    <ClInclude Include="includes\Widget\Screen\Launcher\Widget\erelia_launcher_registration_manager.h">
      <Filter>Header Files\Widget\Screen\Launcher\Widget</Filter>
    </ClInclude>
    <ClInclude Include="includes\Widget\Abstract_widget\erelia_overworld_widget.h">
      <Filter>Header Files\Widget\Abstract widget</Filter>
    </ClInclude>
    <ClInclude Include="includes\Widget\Screen\Game_world\Widget\erelia_map_renderer.h">
      <Filter>Header Files\Widget\Screen\Game_world\Widget</Filter>
    </ClInclude>
    <ClInclude Include="includes\Widget\Screen\Game_world\Widget\erelia_map_manager.h">
      <Filter>Header Files\Widget\Screen\Game_world\Widget</Filter>
    </ClInclude>
    <ClInclude Include="includes\Widget\Screen\Game_world\Widget\erelia_player_manager.h">
      <Filter>Header Files\Widget\Screen\Game_world\Widget</Filter>
    </ClInclude>
    <ClInclude Include="includes\Widget\Screen\Game_world\Widget\erelia_entity_manager.h">
      <Filter>Header Files\Widget\Screen\Game_world\Widget</Filter>
    </ClInclude>
    <ClInclude Include="includes\Widget\Screen\Game_world\Widget\erelia_entity_renderer.h">
      <Filter>Header Files\Widget\Screen\Game_world\Widget</Filter>
    </ClInclude>
    <ClInclude Include="includes\Widget\Commun\erelia_abstract_console_parser.h">
      <Filter>Header Files\Widget\Commun</Filter>
    </ClInclude>
    <ClInclude Include="includes\Widget\Commun\erelia_console_input.h">
      <Filter>Header Files\Widget\Commun</Filter>
    </ClInclude>
    <ClInclude Include="includes\Widget\Commun\erelia_console_output.h">
      <Filter>Header Files\Widget\Commun</Filter>
    </ClInclude>
    <ClInclude Include="includes\Widget\Commun\erelia_console_parser.h">
      <Filter>Header Files\Widget\Commun</Filter>
    </ClInclude>
    <ClInclude Include="includes\Widget\Screen\Game_world\Widget\erelia_player_interacter.h">
      <Filter>Header Files\Widget\Screen\Game_world\Widget</Filter>
    </ClInclude>
    <ClInclude Include="includes\Widget\Screen\Game_world\Widget\erelia_editor_inventory.h">
      <Filter>Header Files\Widget\Screen\Game_world\Widget</Filter>
    </ClInclude>
    <ClInclude Include="includes\Widget\Commun\erelia_console_manager.h">
      <Filter>Header Files\Widget\Commun</Filter>
    </ClInclude>
    <ClInclude Include="includes\Widget\Screen\Game_world\Widget\erelia_map_operation.h">
      <Filter>Header Files\Widget\Screen\Game_world\Widget</Filter>
    </ClInclude>
    <ClInclude Include="includes\Widget\Screen\Game_world\Widget\erelia_player_interacter_activity.h">
      <Filter>Header Files\Widget\Screen\Game_world\Widget</Filter>
    </ClInclude>
  </ItemGroup>
  <ItemGroup>
    <ClCompile Include="srcs\main.cpp">
      <Filter>Source Files</Filter>
    </ClCompile>
    <ClCompile Include="srcs\Structure\Atlas\erelia_path_atlas.cpp">
      <Filter>Source Files\Structure\Atlas</Filter>
    </ClCompile>
    <ClCompile Include="srcs\Structure\Atlas\erelia_texture_atlas.cpp">
      <Filter>Source Files\Structure\Atlas</Filter>
    </ClCompile>
    <ClCompile Include="srcs\Structure\Atlas\erelia_translation_atlas.cpp">
      <Filter>Source Files\Structure\Atlas</Filter>
    </ClCompile>
    <ClCompile Include="srcs\Widget\Main_application\erelia_main_application.cpp">
      <Filter>Source Files\Widget\Main_application</Filter>
    </ClCompile>
    <ClCompile Include="srcs\Structure\File\erelia_UI_configuration_file.cpp">
      <Filter>Source Files\Structure\File</Filter>
    </ClCompile>
    <ClCompile Include="srcs\Network\erelia_client_manager.cpp">
      <Filter>Source Files\Network</Filter>
    </ClCompile>
    <ClCompile Include="srcs\Network\erelia_server_manager.cpp">
      <Filter>Source Files\Network</Filter>
    </ClCompile>
    <ClCompile Include="srcs\Widget\Abstract_widget\erelia_abstract_manager_widget.cpp">
      <Filter>Source Files\Widget\Abstract widget</Filter>
    </ClCompile>
    <ClCompile Include="srcs\Widget\Abstract_widget\erelia_abstract_screen.cpp">
      <Filter>Source Files\Widget\Abstract widget</Filter>
    </ClCompile>
    <ClCompile Include="srcs\Widget\Main_application\erelia_main_application_activity.cpp">
      <Filter>Source Files\Widget\Main_application</Filter>
    </ClCompile>
    <ClCompile Include="srcs\Structure\Atlas\erelia_account_atlas.cpp">
      <Filter>Source Files\Structure\Atlas</Filter>
    </ClCompile>
    <ClCompile Include="srcs\Structure\Data\Account\erelia_account.cpp">
      <Filter>Source Files\Structure\Data\Account</Filter>
    </ClCompile>
    <ClCompile Include="srcs\Structure\Data\Engine\erelia_engine.cpp">
      <Filter>Source Files\Structure\Data\Engine</Filter>
    </ClCompile>
    <ClCompile Include="srcs\Structure\Data\Engine\erelia_item.cpp">
      <Filter>Source Files\Structure\Data\Engine</Filter>
    </ClCompile>
    <ClCompile Include="srcs\Structure\Data\Entity\erelia_entity.cpp">
      <Filter>Source Files\Structure\Data\Entity</Filter>
    </ClCompile>
    <ClCompile Include="srcs\Structure\Data\Entity\erelia_player.cpp">
      <Filter>Source Files\Structure\Data\Entity</Filter>
    </ClCompile>
    <ClCompile Include="srcs\Structure\Data\Map\erelia_chunk.cpp">
      <Filter>Source Files\Structure\Data\Map</Filter>
    </ClCompile>
    <ClCompile Include="srcs\Structure\Data\Map\erelia_chunk_bake.cpp">
      <Filter>Source Files\Structure\Data\Map</Filter>
    </ClCompile>
    <ClCompile Include="srcs\Structure\Data\Map\erelia_chunk_bake_data.cpp">
      <Filter>Source Files\Structure\Data\Map</Filter>
    </ClCompile>
    <ClCompile Include="srcs\Structure\Data\Map\erelia_chunk_shader_data.cpp">
      <Filter>Source Files\Structure\Data\Map</Filter>
    </ClCompile>
    <ClCompile Include="srcs\Structure\Data\Map\erelia_encounter_area.cpp">
      <Filter>Source Files\Structure\Data\Map</Filter>
    </ClCompile>
    <ClCompile Include="srcs\Structure\Data\Map\erelia_map.cpp">
      <Filter>Source Files\Structure\Data\Map</Filter>
    </ClCompile>
    <ClCompile Include="srcs\Structure\Data\Map\erelia_node.cpp">
      <Filter>Source Files\Structure\Data\Map</Filter>
    </ClCompile>
    <ClCompile Include="srcs\Structure\File\erelia_player_save_file.cpp">
      <Filter>Source Files\Structure\File</Filter>
    </ClCompile>
    <ClCompile Include="srcs\Structure\Data\Monster\erelia_monster.cpp">
      <Filter>Source Files\Structure\Data\Monster</Filter>
    </ClCompile>
    <ClCompile Include="srcs\Structure\Atlas\erelia_monster_atlas.cpp">
      <Filter>Source Files\Structure\Atlas</Filter>
    </ClCompile>
    <ClCompile Include="srcs\Widget\Screen\Game_battle\erelia_game_battle_screen.cpp">
      <Filter>Source Files\Widget\Screen\Game_battle</Filter>
    </ClCompile>
    <ClCompile Include="srcs\Widget\Screen\Game_world\erelia_game_world_screen.cpp">
      <Filter>Source Files\Widget\Screen\Game_world</Filter>
    </ClCompile>
    <ClCompile Include="srcs\Widget\Screen\Launcher\erelia_launcher_screen.cpp">
      <Filter>Source Files\Widget\Screen\Launcher</Filter>
    </ClCompile>
    <ClCompile Include="srcs\Widget\Screen\Loading\erelia_loading_screen.cpp">
      <Filter>Source Files\Widget\Screen\Loading</Filter>
    </ClCompile>
    <ClCompile Include="srcs\Widget\Screen\Launcher\Widget\erelia_launcher_connection_manager.cpp">
      <Filter>Source Files\Widget\Screen\Launcher\Widget</Filter>
    </ClCompile>
    <ClCompile Include="srcs\Widget\Screen\Launcher\Widget\erelia_launcher_menu.cpp">
      <Filter>Source Files\Widget\Screen\Launcher\Widget</Filter>
    </ClCompile>
    <ClCompile Include="srcs\Widget\Screen\Launcher\Widget\erelia_launcher_message_output.cpp">
      <Filter>Source Files\Widget\Screen\Launcher\Widget</Filter>
    </ClCompile>
    <ClCompile Include="srcs\Widget\Screen\Launcher\Widget\erelia_launcher_registration_manager.cpp">
      <Filter>Source Files\Widget\Screen\Launcher\Widget</Filter>
    </ClCompile>
    <ClCompile Include="srcs\Widget\Abstract_widget\erelia_overworld_widget.cpp">
      <Filter>Source Files\Widget\Abstract widget</Filter>
    </ClCompile>
    <ClCompile Include="srcs\Widget\Commun\erelia_console_output.cpp">
      <Filter>Source Files\Widget\Commun</Filter>
    </ClCompile>
    <ClCompile Include="srcs\Widget\Commun\erelia_abstract_console_parser.cpp">
      <Filter>Source Files\Widget\Commun</Filter>
    </ClCompile>
    <ClCompile Include="srcs\Widget\Commun\erelia_console_input.cpp">
      <Filter>Source Files\Widget\Commun</Filter>
    </ClCompile>
    <ClCompile Include="srcs\Widget\Commun\erelia_console_parser.cpp">
      <Filter>Source Files\Widget\Commun</Filter>
    </ClCompile>
    <ClCompile Include="srcs\Widget\Commun\erelia_console_manager.cpp">
      <Filter>Source Files\Widget\Commun</Filter>
    </ClCompile>
    <ClCompile Include="srcs\Widget\Screen\Game_world\Widget\erelia_editor_inventory.cpp">
      <Filter>Source Files\Widget\Screen\Game_world\Widget\Editor</Filter>
    </ClCompile>
    <ClCompile Include="srcs\Widget\Screen\Game_world\Widget\erelia_editor_inventory_pages_content.cpp">
      <Filter>Source Files\Widget\Screen\Game_world\Widget\Editor</Filter>
    </ClCompile>
    <ClCompile Include="srcs\Widget\Screen\Game_world\Widget\erelia_map_operation.cpp">
      <Filter>Source Files\Widget\Screen\Game_world\Widget\Map</Filter>
    </ClCompile>
    <ClCompile Include="srcs\Widget\Screen\Game_world\Widget\erelia_map_renderer.cpp">
      <Filter>Source Files\Widget\Screen\Game_world\Widget\Map</Filter>
    </ClCompile>
    <ClCompile Include="srcs\Widget\Screen\Game_world\Widget\erelia_map_manager.cpp">
      <Filter>Source Files\Widget\Screen\Game_world\Widget\Map</Filter>
    </ClCompile>
    <ClCompile Include="srcs\Widget\Screen\Game_world\Widget\erelia_entity_manager.cpp">
      <Filter>Source Files\Widget\Screen\Game_world\Widget\Entity</Filter>
    </ClCompile>
    <ClCompile Include="srcs\Widget\Screen\Game_world\Widget\erelia_entity_renderer.cpp">
      <Filter>Source Files\Widget\Screen\Game_world\Widget\Entity</Filter>
    </ClCompile>
    <ClCompile Include="srcs\Widget\Screen\Game_world\Widget\erelia_player_interacter.cpp">
      <Filter>Source Files\Widget\Screen\Game_world\Widget\Player</Filter>
    </ClCompile>
    <ClCompile Include="srcs\Widget\Screen\Game_world\Widget\erelia_player_manager.cpp">
      <Filter>Source Files\Widget\Screen\Game_world\Widget\Player</Filter>
    </ClCompile>
    <ClCompile Include="srcs\Widget\Screen\Game_world\Widget\erelia_player_interacter_area_builder_activity.cpp">
      <Filter>Source Files\Widget\Screen\Game_world\Widget\Player\Activity</Filter>
    </ClCompile>
    <ClCompile Include="srcs\Widget\Screen\Game_world\Widget\erelia_player_interacter_adventure_activity.cpp">
      <Filter>Source Files\Widget\Screen\Game_world\Widget\Player\Activity</Filter>
    </ClCompile>
    <ClCompile Include="srcs\Widget\Screen\Game_world\Widget\erelia_player_interacter_builder_activity.cpp">
      <Filter>Source Files\Widget\Screen\Game_world\Widget\Player\Activity</Filter>
    </ClCompile>
  </ItemGroup>
</Project>